version = 1
revision = 3
requires-python = ">=3.13"

[[package]]
name = "dis-ex4"
version = "0.1.0"
source = { virtual = "." }
dependencies = [
    { name = "psycopg", extra = ["binary"] },
    { name = "pymongo" },
]

[package.metadata]
requires-dist = [
    { name = "psycopg", extras = ["binary"], specifier = ">=3.2.13" },
    { name = "pymongo", specifier = ">=4.15.4" },
]

[[package]]
name = "dnspython"
version = "2.8.0"
source = { registry = "https://pypi.org/simple" }
sdist = { url = "https://files.pythonhosted.org/packages/8c/8b/57666417c0f90f08bcafa776861060426765fdb422eb10212086fb811d26/dnspython-2.8.0.tar.gz", hash = "sha256:181d3c6996452cb1189c4046c61599b84a5a86e099562ffde77d26984ff26d0f", size = 368251, upload-time = "2025-09-07T18:58:00.022Z" }
wheels = [
    { url = "https://files.pythonhosted.org/packages/ba/5a/18ad964b0086c6e62e2e7500f7edc89e3faa45033c71c1893d34eed2b2de/dnspython-2.8.0-py3-none-any.whl", hash = "sha256:01d9bbc4a2d76bf0db7c1f729812ded6d912bd318d3b1cf81d30c0f845dbf3af", size = 331094, upload-time = "2025-09-07T18:57:58.071Z" },
]

[[package]]
name = "psycopg"
version = "3.2.13"
source = { registry = "https://pypi.org/simple" }
dependencies = [
    { name = "tzdata", marker = "sys_platform == 'win32'" },
]
sdist = { url = "https://files.pythonhosted.org/packages/44/05/d4a05988f15fcf90e0088c735b1f2fc04a30b7fc65461d6ec278f5f2f17a/psycopg-3.2.13.tar.gz", hash = "sha256:309adaeda61d44556046ec9a83a93f42bbe5310120b1995f3af49ab6d9f13c1d", size = 160626, upload-time = "2025-11-21T22:34:32.328Z" }
wheels = [
    { url = "https://files.pythonhosted.org/packages/a9/14/f2724bd1986158a348316e86fdd0837a838b14a711df3f00e47fba597447/psycopg-3.2.13-py3-none-any.whl", hash = "sha256:a481374514f2da627157f767a9336705ebefe93ea7a0522a6cbacba165da179a", size = 206797, upload-time = "2025-11-21T22:29:39.733Z" },
]

[package.optional-dependencies]
binary = [
    { name = "psycopg-binary", marker = "implementation_name != 'pypy'" },
]

[[package]]
name = "psycopg-binary"
version = "3.2.13"
source = { registry = "https://pypi.org/simple" }
wheels = [
    { url = "https://files.pythonhosted.org/packages/28/ec/ef37bb44dc02fcc6c0a3eeb93f4baaac13bcb228633fe38ad3fb5a3f6449/psycopg_binary-3.2.13-cp313-cp313-macosx_10_13_x86_64.whl", hash = "sha256:dbae6ab1966e2b61d97e47220556c330c4608bb4cfb3a124aa0595c39995c068", size = 3995628, upload-time = "2025-11-21T22:31:45.921Z" },
    { url = "https://files.pythonhosted.org/packages/6d/ad/4748f5f1a40248af16dba087dbec50bd335ee025cc1fb9bf64773378ceff/psycopg_binary-3.2.13-cp313-cp313-macosx_11_0_arm64.whl", hash = "sha256:fae933e4564386199fc54845d85413eedb49760e0bcd2b621fde2dd1825b99b3", size = 4069024, upload-time = "2025-11-21T22:31:50.202Z" },
    { url = "https://files.pythonhosted.org/packages/cf/c2/f02ec6bbc30c7fcd3b39823d2d624b42fae480edeb6e50eb3276281d5635/psycopg_binary-3.2.13-cp313-cp313-manylinux2014_aarch64.manylinux_2_17_aarch64.whl", hash = "sha256:13e2f8894d410678529ff9f1211f96c5a93ff142f992b302682b42d924428b61", size = 4615127, upload-time = "2025-11-21T22:31:56.517Z" },
    { url = "https://files.pythonhosted.org/packages/f0/0d/a54fc2cdd672c84175d6869cc823d6ec2a8909318d491f3c24e6077983f2/psycopg_binary-3.2.13-cp313-cp313-manylinux2014_ppc64le.manylinux_2_17_ppc64le.whl", hash = "sha256:f26f7009375cf1e92180e5c517c52da1054f7e690dde90e0ed00fa8b5736bcd4", size = 4710267, upload-time = "2025-11-21T22:32:04.585Z" },
    { url = "https://files.pythonhosted.org/packages/9d/b7/067de1acaf3d312253351f3af4121f972584bd36cada6378d4b0cdcebd38/psycopg_binary-3.2.13-cp313-cp313-manylinux2014_x86_64.manylinux_2_17_x86_64.whl", hash = "sha256:ea2fdbcc9142933a47c66970e0df8b363e3bd1ea4c5ce376f2f3d94a9aeec847", size = 4400795, upload-time = "2025-11-21T22:32:08.883Z" },
    { url = "https://files.pythonhosted.org/packages/64/b5/030e6b1ebfc4d3a8fca03adc5fc827982643bad0b01a1268538d17c08ed3/psycopg_binary-3.2.13-cp313-cp313-musllinux_1_2_aarch64.whl", hash = "sha256:ac92d6bc1d4a41c7459953a9aa727b9966e937e94c9e072527317fd2a67d488b", size = 3851239, upload-time = "2025-11-21T22:32:12.333Z" },
    { url = "https://files.pythonhosted.org/packages/79/6f/0541845364a7de9eae6807060da6a04b22a8eb2e803606d285d9250fbe93/psycopg_binary-3.2.13-cp313-cp313-musllinux_1_2_ppc64le.whl", hash = "sha256:8b843c00478739e95c46d6d3472b13123b634685f107831a9bfc41503a06ecbd", size = 3525084, upload-time = "2025-11-21T22:32:15.946Z" },
    { url = "https://files.pythonhosted.org/packages/83/ae/6507890dc30a4bbd9d938d4ff3a4079d009a5ad8170af51c7f762438fdbf/psycopg_binary-3.2.13-cp313-cp313-musllinux_1_2_x86_64.whl", hash = "sha256:2f63868cc96bc18486cebec24445affbdd7f7debf28fac466ea935a8b5a4753b", size = 3576787, upload-time = "2025-11-21T22:32:19.922Z" },
    { url = "https://files.pythonhosted.org/packages/9d/64/3d1c2f1fd09b60cdfbe68b9a810b357ba505eff6e4bdb1a2d9f6729da64c/psycopg_binary-3.2.13-cp313-cp313-win_amd64.whl", hash = "sha256:594dfbca3326e997ae738d3d339004e8416b1f7390f52ce8dc2d692393e8fa96", size = 2905584, upload-time = "2025-11-21T22:32:23.399Z" },
    { url = "https://files.pythonhosted.org/packages/d3/b4/7656b3d67bedff2b900c8c4671cb6eb5fb99c2fc36da33579cac89779c25/psycopg_binary-3.2.13-cp314-cp314-macosx_10_13_x86_64.whl", hash = "sha256:502a778c3e07c6b3aabfa56ee230e8c264d2debfab42d11535513a01bdfff0d6", size = 3997201, upload-time = "2025-11-21T22:32:28.185Z" },
    { url = "https://files.pythonhosted.org/packages/e0/2e/3b4afbd94d48df19c3931cedba464b109f89d81ac43178e6a3d654b4e8d5/psycopg_binary-3.2.13-cp314-cp314-macosx_11_0_arm64.whl", hash = "sha256:7561a71d764d6f74d66e8b7d844b0f27fa33de508f65c17b1d56a94c73644776", size = 4071631, upload-time = "2025-11-21T22:32:32.594Z" },
    { url = "https://files.pythonhosted.org/packages/5e/8b/107d06d55992e2f13157eb705ba5a47d06c4cf1bed077dff0c567b10c187/psycopg_binary-3.2.13-cp314-cp314-manylinux2014_aarch64.manylinux_2_17_aarch64.whl", hash = "sha256:9caf14745a1930b4e03fe4072cd7154eaf6e1241d20c42130ed784408a26b24b", size = 4620918, upload-time = "2025-11-21T22:32:37.357Z" },
    { url = "https://files.pythonhosted.org/packages/e1/47/a925620f261b115f31e813a5bfe640f316413b1864094a60162f4a6e4d67/psycopg_binary-3.2.13-cp314-cp314-manylinux2014_ppc64le.manylinux_2_17_ppc64le.whl", hash = "sha256:4a6cafabdc0bfa37e11c6f365020fd5916b62d6296df581f4dceaa43a2ce680c", size = 4714494, upload-time = "2025-11-21T22:32:42.138Z" },
    { url = "https://files.pythonhosted.org/packages/46/33/bed384665356bb9ba17dd8e104884d87cc2343d16dffdfd9aaa9a159bd4d/psycopg_binary-3.2.13-cp314-cp314-manylinux2014_x86_64.manylinux_2_17_x86_64.whl", hash = "sha256:c96cb5a27e68acac6d74b64fca38592a692de9c4b7827339190698d58027aa45", size = 4403046, upload-time = "2025-11-21T22:32:47.241Z" },
    { url = "https://files.pythonhosted.org/packages/41/88/749d8e8102fb5df502e2ecb053b79e78e3358af01af652b5dbeb96ab7905/psycopg_binary-3.2.13-cp314-cp314-musllinux_1_2_aarch64.whl", hash = "sha256:596176ae3dfbf56fc61108870bfe17c7205d33ac28d524909feb5335201daa0a", size = 3859046, upload-time = "2025-11-21T22:32:51.481Z" },
    { url = "https://files.pythonhosted.org/packages/38/7c/f492e63b517d6dcd564e8c43bc15e11a4c712a848adf8938ce33bfd4c867/psycopg_binary-3.2.13-cp314-cp314-musllinux_1_2_ppc64le.whl", hash = "sha256:cc3a0408435dfbb77eeca5e8050df4b19a6e9b7e5e5583edf524c4a83d6293b2", size = 3531351, upload-time = "2025-11-21T22:32:55.571Z" },
    { url = "https://files.pythonhosted.org/packages/07/5a/d8743eb23944e5cf2a0bbfa92935c140b5beaacdb872be641065ed70ab2c/psycopg_binary-3.2.13-cp314-cp314-musllinux_1_2_x86_64.whl", hash = "sha256:65df0d459ffba14082d8ca4bb2f6ffbb2f8d02968f7d34a747e1031934b76b23", size = 3581034, upload-time = "2025-11-21T22:33:01.648Z" },
    { url = "https://files.pythonhosted.org/packages/46/b2/411d4180252144f7eff024894d2d2ebb98c012c944a282fc20250870e461/psycopg_binary-3.2.13-cp314-cp314-win_amd64.whl", hash = "sha256:5c77f156c7316529ed371b5f95a51139e531328ee39c37493a2afcbc1f79d5de", size = 3000162, upload-time = "2025-11-21T22:33:07.378Z" },
]

[[package]]
name = "pymongo"
version = "4.15.4"
source = { registry = "https://pypi.org/simple" }
dependencies = [
    { name = "dnspython" },
]
sdist = { url = "https://files.pythonhosted.org/packages/74/81/6d66e62a5d1c5323dca79e9fb34ac8211df76f6c16625f9499a37b796314/pymongo-4.15.4.tar.gz", hash = "sha256:6ba7cdf46f03f406f77969a8081cfb659af16c0eee26b79a0a14e25f6c00827b", size = 2471218, upload-time = "2025-11-11T20:52:37.31Z" }
wheels = [
    { url = "https://files.pythonhosted.org/packages/51/10/09551492e484f7055194d91c071c827fc65261156e4daced35e67e97b893/pymongo-4.15.4-cp313-cp313-macosx_10_13_x86_64.whl", hash = "sha256:6ff080f23a12c943346e2bba76cf19c3d14fb3625956792aa22b69767bfb36de", size = 975326, upload-time = "2025-11-11T20:51:17.693Z" },
    { url = "https://files.pythonhosted.org/packages/aa/6e/8f153a6d7eaec9b334975000e16bfd11ec4050e8729d3e2ee67d7022f526/pymongo-4.15.4-cp313-cp313-macosx_11_0_arm64.whl", hash = "sha256:c4690e01d03773f7af21b1a8428029bd534c9fe467c6b594c591d8b992c0a975", size = 975132, upload-time = "2025-11-11T20:51:19.58Z" },
    { url = "https://files.pythonhosted.org/packages/7c/7d/037498c1354fae1ce2fc7738c981a7447a5fee021c22e76083540cc1f9d6/pymongo-4.15.4-cp313-cp313-manylinux1_i686.manylinux_2_28_i686.manylinux_2_5_i686.whl", hash = "sha256:78bfe3917d0606b30a91b02ad954c588007f82e2abb2575ac2665259b051a753", size = 1950964, upload-time = "2025-11-11T20:51:21.262Z" },
    { url = "https://files.pythonhosted.org/packages/ef/96/7c6b14956ef2ab99600d93b43429387394df6a99f5293cd0371c59a77a02/pymongo-4.15.4-cp313-cp313-manylinux2014_aarch64.manylinux_2_17_aarch64.manylinux_2_28_aarch64.whl", hash = "sha256:f53c83c3fd80fdb412ce4177d4f59b70b9bb1add6106877da044cf21e996316b", size = 1995249, upload-time = "2025-11-11T20:51:23.248Z" },
    { url = "https://files.pythonhosted.org/packages/2a/16/0e0495b38dd64efbfd6f2eb47535895c8df4a78e384aee78190fe2ecfa84/pymongo-4.15.4-cp313-cp313-manylinux2014_ppc64le.manylinux_2_17_ppc64le.manylinux_2_28_ppc64le.whl", hash = "sha256:2e41d6650c1cd77a8e7556ad65133455f819f8c8cdce3e9cf4bbf14252b7d805", size = 2086580, upload-time = "2025-11-11T20:51:25.294Z" },
    { url = "https://files.pythonhosted.org/packages/7d/c0/692545232a17d5772d15c7e50d54415bdd9b88018e2228607c96766af961/pymongo-4.15.4-cp313-cp313-manylinux2014_s390x.manylinux_2_17_s390x.manylinux_2_28_s390x.whl", hash = "sha256:b60fd8125f52efffd697490b6ccebc6e09d44069ad9c8795df0a684a9a8f4b3c", size = 2070189, upload-time = "2025-11-11T20:51:27.162Z" },
    { url = "https://files.pythonhosted.org/packages/6f/9f/aae8eb4650d9a62f26baca4f4da2a0f5cd1aabcd4229dabc43cd71e09ea2/pymongo-4.15.4-cp313-cp313-manylinux2014_x86_64.manylinux_2_17_x86_64.manylinux_2_28_x86_64.whl", hash = "sha256:4d1a1a0406acd000377f34ae91cdb501fa73601a2d071e4a661e0c862e1b166e", size = 1985254, upload-time = "2025-11-11T20:51:29.136Z" },
    { url = "https://files.pythonhosted.org/packages/b1/cd/50f49788caa317c7b00ccf0869805cb2b3046c2510f960cb07e8d3a74f73/pymongo-4.15.4-cp313-cp313-win32.whl", hash = "sha256:9c5710ed5f2af95315db0ee8ae02e9ff1e85e7b068c507d980bc24fe9d025257", size = 938134, upload-time = "2025-11-11T20:51:31.254Z" },
    { url = "https://files.pythonhosted.org/packages/10/ad/6e96ccb3b7ab8be2e22b1c50b98aed0cae19253174bca6807fc8fd1ce34c/pymongo-4.15.4-cp313-cp313-win_amd64.whl", hash = "sha256:61b0863c7f9b460314db79b7f8541d3b490b453ece49afd56b611b214fc4b3b1", size = 962595, upload-time = "2025-11-11T20:51:33.118Z" },
    { url = "https://files.pythonhosted.org/packages/22/23/9b9255e432df4bc276ecb9bb6e81c3376d8ee2b19de02d3751bb5c4a6fb1/pymongo-4.15.4-cp313-cp313-win_arm64.whl", hash = "sha256:0255af7d5c23c5e8cb4d9bb12906b142acebab0472117e1d5e3a8e6e689781cb", size = 944298, upload-time = "2025-11-11T20:51:35.13Z" },
    { url = "https://files.pythonhosted.org/packages/9f/e6/f315ea84656adcd18d5b5e8b362b47c36bf606843098688cc0809b28c8a8/pymongo-4.15.4-cp314-cp314-macosx_10_15_x86_64.whl", hash = "sha256:539f9fa5bb04a09fc2965cdcae3fc91d1c6a1f4f1965b34df377bc7119e3d7cd", size = 1029994, upload-time = "2025-11-11T20:51:36.808Z" },
    { url = "https://files.pythonhosted.org/packages/bb/0c/0c364db72cd80a503829885643478dd144a8bf05e1e853c89648a06ad34b/pymongo-4.15.4-cp314-cp314-macosx_11_0_arm64.whl", hash = "sha256:68354a77cf78424d27216b1cb7c9b0f67da16aae855045279ba8d73bb61f5ad0", size = 1029615, upload-time = "2025-11-11T20:51:38.551Z" },
    { url = "https://files.pythonhosted.org/packages/50/71/6f37eea22ffa5b136c1ca0a21ba390c273b582d800bc979961fbd46c9bcc/pymongo-4.15.4-cp314-cp314-manylinux1_i686.manylinux_2_28_i686.manylinux_2_5_i686.whl", hash = "sha256:a9a90d556c2ef1572d2aef525ef19477a82d659d117eb3a51fa99e617d07dc44", size = 2211805, upload-time = "2025-11-11T20:51:40.657Z" },
    { url = "https://files.pythonhosted.org/packages/24/09/3a538cb82766ce89559c4ca0d5694f782485080db6a8f628784dc7debba8/pymongo-4.15.4-cp314-cp314-manylinux2014_aarch64.manylinux_2_17_aarch64.manylinux_2_28_aarch64.whl", hash = "sha256:a1aac57614fb86a3fa707af3537c30eda5e7fd1be712c1f723296292ac057afe", size = 2264618, upload-time = "2025-11-11T20:51:42.651Z" },
    { url = "https://files.pythonhosted.org/packages/51/6b/66b4fe2d3c566ed655d95b1d8947dfea05642b05a285a3081d6cebc4f5da/pymongo-4.15.4-cp314-cp314-manylinux2014_ppc64le.manylinux_2_17_ppc64le.manylinux_2_28_ppc64le.whl", hash = "sha256:c6c21b49c5e021d9ce02cac33525c722d4c6887f7cde19a5a9154f66cb845e84", size = 2371810, upload-time = "2025-11-11T20:51:44.372Z" },
    { url = "https://files.pythonhosted.org/packages/92/2b/3989960c7de983c5cc05b2d43b26fa560fe9de433ee60b83259d6ee2cde3/pymongo-4.15.4-cp314-cp314-manylinux2014_s390x.manylinux_2_17_s390x.manylinux_2_28_s390x.whl", hash = "sha256:e93828768470026099119295c68ed0dbc0a50022558be5e334f6dbda054f1d32", size = 2351848, upload-time = "2025-11-11T20:51:46.548Z" },
    { url = "https://files.pythonhosted.org/packages/31/93/ee9f8a42eed6ecb8dda52e586a470bf88007a298b0f1a2c4ea1ff352af8e/pymongo-4.15.4-cp314-cp314-manylinux2014_x86_64.manylinux_2_17_x86_64.manylinux_2_28_x86_64.whl", hash = "sha256:11840e9eb5a650ac190f2a3473631073daddbabdbb2779b6709dfddd3ba3b872", size = 2251338, upload-time = "2025-11-11T20:51:48.335Z" },
    { url = "https://files.pythonhosted.org/packages/a0/36/c6609f632bcaffcdf9f7e67cb888402a1df049a7c3ff2f56067a0b451a59/pymongo-4.15.4-cp314-cp314-win32.whl", hash = "sha256:f0907b46df97b01911bf2e10ddbb23c2303629e482d81372031fd7f4313b9013", size = 992893, upload-time = "2025-11-11T20:51:50.775Z" },
    { url = "https://files.pythonhosted.org/packages/f0/23/4ec0f7c9bf3397b6cafaf714f5bfe0a9944e7af088daa01d258eec031118/pymongo-4.15.4-cp314-cp314-win_amd64.whl", hash = "sha256:111d7f65ccbde908546cb36d14e22f12a73a4de236fd056f41ed515d1365f134", size = 1021204, upload-time = "2025-11-11T20:51:52.691Z" },
    { url = "https://files.pythonhosted.org/packages/2b/71/3813d15fa5ce6fb5fb40775bedc95a1970790f5aba968d92b014a796aab6/pymongo-4.15.4-cp314-cp314-win_arm64.whl", hash = "sha256:c689a5d057ef013612b5aa58e6bf52f7fdb186e22039f1a3719985b5d0399932", size = 1000608, upload-time = "2025-11-11T20:51:54.442Z" },
    { url = "https://files.pythonhosted.org/packages/12/e7/10f3bc034fcec374dc46462b369205527478199a803169cb10e9e4b48c68/pymongo-4.15.4-cp314-cp314t-macosx_10_15_x86_64.whl", hash = "sha256:cdfa57760745387cde93615a48f622bf1eeae8ae28103a8a5100b9389eec22f9", size = 1086725, upload-time = "2025-11-11T20:51:57.266Z" },
    { url = "https://files.pythonhosted.org/packages/40/ee/b59cad7d46598d48708bd2a6559ea8b9cbb6fb9665d617b5a52b58de81b3/pymongo-4.15.4-cp314-cp314t-macosx_11_0_arm64.whl", hash = "sha256:4fd6ba610e5a54090c4055a15f38d19ad8bf11e6bbc5a173e945c755a16db455", size = 1086660, upload-time = "2025-11-11T20:51:59.114Z" },
    { url = "https://files.pythonhosted.org/packages/0a/84/58efbde2b52a577f9162bb9b97605b6669354bb171bc241a0dc2639536d7/pymongo-4.15.4-cp314-cp314t-manylinux1_i686.manylinux_2_28_i686.manylinux_2_5_i686.whl", hash = "sha256:bd3c7945b8a5563aa3951db26ba534372fba4c781473f5d55ce6340b7523cb0f", size = 2531617, upload-time = "2025-11-11T20:52:01.006Z" },
    { url = "https://files.pythonhosted.org/packages/f8/cd/7bd739d04b67c99f00c942465b8ab7659dc2c1ad80108b5f4f74eecdf9f3/pymongo-4.15.4-cp314-cp314t-manylinux2014_aarch64.manylinux_2_17_aarch64.manylinux_2_28_aarch64.whl", hash = "sha256:41e98a31e79d74e9d78bc1638b71c3a10a910eae7d3318e2ae8587c760931451", size = 2603756, upload-time = "2025-11-11T20:52:03.029Z" },
    { url = "https://files.pythonhosted.org/packages/4a/39/5a3b01f7e5fd464656421246516723c02067e85bbfb52d30da7d79b8336f/pymongo-4.15.4-cp314-cp314t-manylinux2014_ppc64le.manylinux_2_17_ppc64le.manylinux_2_28_ppc64le.whl", hash = "sha256:d18d89073b5e752391c237d2ee86ceec1e02a4ad764b3029f24419eedd12723e", size = 2725205, upload-time = "2025-11-11T20:52:04.968Z" },
    { url = "https://files.pythonhosted.org/packages/c7/a8/b06231d5ea48d0fcc47bf6c2cebfd8dbea3eda1a1d7bf786443cb9ef5b94/pymongo-4.15.4-cp314-cp314t-manylinux2014_s390x.manylinux_2_17_s390x.manylinux_2_28_s390x.whl", hash = "sha256:edbff27a56a80b8fe5c0319200c44e63b1349bf20db27d9734ddcf23c0d72b35", size = 2704793, upload-time = "2025-11-11T20:52:07.164Z" },
    { url = "https://files.pythonhosted.org/packages/d0/a3/c0ea0da1185d3be4e73923ab3b74f14f424b40f787c710690c83004f147a/pymongo-4.15.4-cp314-cp314t-manylinux2014_x86_64.manylinux_2_17_x86_64.manylinux_2_28_x86_64.whl", hash = "sha256:f1d75f5b51304176631c12e5bf47eed021446669e5f99379b76fd2bd3929c1b4", size = 2582263, upload-time = "2025-11-11T20:52:09.016Z" },
    { url = "https://files.pythonhosted.org/packages/c8/f7/29ce41f9e55b1dd912bed39b76e9326e23ff6c097c4a8de88b2c5bcd54e5/pymongo-4.15.4-cp314-cp314t-win32.whl", hash = "sha256:e1bf4e0689cc48e0cfa6aef17f107c298d8898de0c6e782ea5c98450ae93a62f", size = 1044009, upload-time = "2025-11-11T20:52:11.138Z" },
    { url = "https://files.pythonhosted.org/packages/01/71/3fade727cc4c7ac77fe19c4e3a6bbfb66d7f46796108ba106f236c64492f/pymongo-4.15.4-cp314-cp314t-win_amd64.whl", hash = "sha256:3fc347ea5eda6c3a7177c3a9e4e9b4e570a444a351effda4a898c2d352a1ccd1", size = 1078479, upload-time = "2025-11-11T20:52:13.324Z" },
    { url = "https://files.pythonhosted.org/packages/60/0f/d450350f103db4bb856cb1ee60c8b1fa68d5ac50c846896d74deba3e9950/pymongo-4.15.4-cp314-cp314t-win_arm64.whl", hash = "sha256:2d921b84c681c5385a6f7ba2b5740cb583544205a00877aad04b5b12ab86ad26", size = 1051155, upload-time = "2025-11-11T20:52:15.185Z" },
]

[[package]]
name = "tzdata"
version = "2025.2"
source = { registry = "https://pypi.org/simple" }
sdist = { url = "https://files.pythonhosted.org/packages/95/32/1a225d6164441be760d75c2c42e2780dc0873fe382da3e98a2e1e48361e5/tzdata-2025.2.tar.gz", hash = "sha256:b60a638fcc0daffadf82fe0f57e53d06bdec2f36c4df66280ae79bce6bd6f2b9", size = 196380, upload-time = "2025-03-23T13:54:43.652Z" }
wheels = [
    { url = "https://files.pythonhosted.org/packages/5c/23/c7abc0ca0a1526a0774eca151daeb8de62ec457e77262b66b359c3c7679e/tzdata-2025.2-py2.py3-none-any.whl", hash = "sha256:1a403fada01ff9221ca8044d701868fa132215d84beb92242d9acd2147f667a8", size = 347839, upload-time = "2025-03-23T13:54:41.845Z" },
]
